
Microsoft Visual Studio Solution File, Format Version 12.00
# Visual Studio Version 16
VisualStudioVersion = 16.0.30204.135
MinimumVisualStudioVersion = 10.0.40219.1
Project("{FAE04EC0-301F-11D3-BF4B-00C04F79EFBC}") = "Library.API", "Library.API\Library.API.csproj", "{CF5DC9AB-3567-4D04-941D-5ECCF0DCC80B}"
EndProject
Global
	GlobalSection(SolutionConfigurationPlatforms) = preSolution
		Debug|Any CPU = Debug|Any CPU
		Release|Any CPU = Release|Any CPU
	EndGlobalSection
	GlobalSection(ProjectConfigurationPlatforms) = postSolution
		{CF5DC9AB-3567-4D04-941D-5ECCF0DCC80B}.Debug|Any CPU.ActiveCfg = Debug|Any CPU
		{CF5DC9AB-3567-4D04-941D-5ECCF0DCC80B}.Debug|Any CPU.Build.0 = Debug|Any CPU
		{CF5DC9AB-3567-4D04-941D-5ECCF0DCC80B}.Release|Any CPU.ActiveCfg = Release|Any CPU
		{CF5DC9AB-3567-4D04-941D-5ECCF0DCC80B}.Release|Any CPU.Build.0 = Release|Any CPU
	EndGlobalSection
	GlobalSection(SolutionProperties) = preSolution
		HideSolutionNode = FALSE
	EndGlobalSection
	GlobalSection(ExtensibilityGlobals) = postSolution
		SolutionGuid = {C5EB3EDF-FDBF-4A13-9B5A-846B83C4D8F2}
	EndGlobalSection
EndGlobal
